{"1.2.0",
[{<<"cowboy">>,{pkg,<<"cowboy">>,<<"2.10.0">>},0},
 {<<"cowboy_session">>,{pkg,<<"cowboy_session">>,<<"1.0.0">>},0},
 {<<"cowlib">>,{pkg,<<"cowlib">>,<<"2.12.1">>},1},
 {<<"epgsql">>,{pkg,<<"epgsql">>,<<"4.7.1">>},0},
 {<<"gproc">>,{pkg,<<"gproc">>,<<"0.6.1">>},1},
 {<<"quickrand">>,{pkg,<<"quickrand">>,<<"1.5.4">>},2},
 {<<"ranch">>,{pkg,<<"ranch">>,<<"1.8.0">>},1},
 {<<"uuid">>,{pkg,<<"uuid_erl">>,<<"1.5.2">>},1}]}.
[
{pkg_hash,[
 {<<"cowboy">>, <<"FF9FFEFF91DAE4AE270DD975642997AFE2A1179D94B1887863E43F681A203E26">>},
 {<<"cowboy_session">>, <<"35368969DC3B602C38E29711D976A1A661A297F3D5225C52E9E4572EE00D874E">>},
 {<<"cowlib">>, <<"A9FA9A625F1D2025FE6B462CB865881329B5CAFF8F1854D1CBC9F9533F00E1E1">>},
 {<<"epgsql">>, <<"D4E47CAE46C18C8AFA88E34D59A9B4BAE16368D7CE1EB3DA24FA755EB28393EB">>},
 {<<"gproc">>, <<"4579663E5677970758A05D8F65D13C3E9814EC707AD51D8DCEF7294EDA1A730C">>},
 {<<"quickrand">>, <<"47ADD4755CC5F209CBEFFD6F47C84061196CD7FAD99FD8FD12418EB0D06B939D">>},
 {<<"ranch">>, <<"8C7A100A139FD57F17327B6413E4167AC559FBC04CA7448E9BE9057311597A1D">>},
 {<<"uuid">>, <<"D5F12B5814F9E8EA27A9C2527C35FF3661294FA51CA8E43CC15038EFE519E58B">>}]},
{pkg_hash_ext,[
 {<<"cowboy">>, <<"3AFDCCB7183CC6F143CB14D3CF51FA00E53DB9EC80CDCD525482F5E99BC41D6B">>},
 {<<"cowboy_session">>, <<"2CBE1E30AD3FFC9765CF9711357CAE79FB32E0697698F10D025724B96BC5DDF4">>},
 {<<"cowlib">>, <<"163B73F6367A7341B33C794C4E88E7DBFE6498AC42DCD69EF44C5BC5507C8DB0">>},
 {<<"epgsql">>, <<"B6D86B7DC42C8555B1D4E20880E5099D6D6D053148000E188E548F98E4E01836">>},
 {<<"gproc">>, <<"5506435AFBC62DE6BEB2ADE24356A2A6C26C2046E250F845F0676589E86E96AB">>},
 {<<"quickrand">>, <<"2657DCA4544BF98EC44328F95F2C94A07ACCECE452195C599E43799A760B28B0">>},
 {<<"ranch">>, <<"49FBCFD3682FAB1F5D109351B61257676DA1A2FDBE295904176D5E521A2DDFE5">>},
 {<<"uuid">>, <<"BA3BD0BC4C159DDC05A1B4B380A8C5BF664981E5DF6214A0E33B71EB9DD5708B">>}]}
].
