{"1.2.0",
[{<<"csv">>,{pkg,<<"csve">>,<<"3.0.3">>},0},
 {<<"epgsql">>,{pkg,<<"epgsql">>,<<"4.7.1">>},0},
 {<<"erlandono">>,{pkg,<<"erlandono">>,<<"3.1.3">>},0},
 {<<"migraterl">>,{pkg,<<"migraterl">>,<<"0.1.2">>},0},
 {<<"pc">>,{pkg,<<"pc">>,<<"1.15.0">>},0}]}.
[
{pkg_hash,[
 {<<"csv">>, <<"69E7D9B3FDC72016644368762C6A3E6CBFEB85BCCADBF1BD99AB6C827E360E04">>},
 {<<"epgsql">>, <<"D4E47CAE46C18C8AFA88E34D59A9B4BAE16368D7CE1EB3DA24FA755EB28393EB">>},
 {<<"erlandono">>, <<"8B5562D3DDC3A89EB513973D727B585513DC0A3A95E65A0E343957DD0ED655B9">>},
 {<<"migraterl">>, <<"0C8A390496FA025159DF47D9A24DAA654A013EA1C1B6FECE4A9E0EA395CD7695">>},
 {<<"pc">>, <<"0DE7D4DF1BB23897E27965FC134DC63156DD2E5B512A9536CB7004D984400A45">>}]},
{pkg_hash_ext,[
 {<<"csv">>, <<"741D1A55AABADAA3E0FE13051050101A73E90C4570B9F9403A939D9546813521">>},
 {<<"epgsql">>, <<"B6D86B7DC42C8555B1D4E20880E5099D6D6D053148000E188E548F98E4E01836">>},
 {<<"erlandono">>, <<"2BFCAF659C0032C5B5CEFD482EBBDBA21AB201D1579A54485E09195FC2092577">>},
 {<<"migraterl">>, <<"119BAC6FD10F38DF5FB9D9A7C6C7674562BD08E0344165001F5F26603BF8D8C1">>},
 {<<"pc">>, <<"4C0FAD4F6437CAE353D517DA218FE78347B8FFA44B9817887494CAAAE54595B3">>}]}
].
