{"1.2.0",
[{<<"csv">>,{pkg,<<"csve">>,<<"3.0.3">>},0},
 {<<"epgsql">>,{pkg,<<"epgsql">>,<<"4.7.1">>},0},
 {<<"pc">>,{pkg,<<"pc">>,<<"1.15.0">>},0},
 {<<"pure_migrations">>,{pkg,<<"pure_migrations">>,<<"1.3.0">>},0}]}.
[
{pkg_hash,[
 {<<"csv">>, <<"69E7D9B3FDC72016644368762C6A3E6CBFEB85BCCADBF1BD99AB6C827E360E04">>},
 {<<"epgsql">>, <<"D4E47CAE46C18C8AFA88E34D59A9B4BAE16368D7CE1EB3DA24FA755EB28393EB">>},
 {<<"pc">>, <<"0DE7D4DF1BB23897E27965FC134DC63156DD2E5B512A9536CB7004D984400A45">>},
 {<<"pure_migrations">>, <<"B758A62A9EDD6C1B40B668F4D6CE9E5588DBD4D99A4469BCE46BC7089B594AF7">>}]},
{pkg_hash_ext,[
 {<<"csv">>, <<"741D1A55AABADAA3E0FE13051050101A73E90C4570B9F9403A939D9546813521">>},
 {<<"epgsql">>, <<"B6D86B7DC42C8555B1D4E20880E5099D6D6D053148000E188E548F98E4E01836">>},
 {<<"pc">>, <<"4C0FAD4F6437CAE353D517DA218FE78347B8FFA44B9817887494CAAAE54595B3">>},
 {<<"pure_migrations">>, <<"00269DE0A1A9BBE1B7681EC1F3FA59EE9D8081582226A94C633E6F94B5C88BC3">>}]}
].
